// !$*UTF8*$!
{
	archiveVersion = 1;
	classes = {
	};
	objectVersion = 50;
	objects = {

/* Begin PBXBuildFile section */
		CCC1F81E24BF14C200DC8BCB /* AppDelegate.swift in Sources */ = {isa = PBXBuildFile; fileRef = CCC1F81D24BF14C200DC8BCB /* AppDelegate.swift */; };
		CCC1F82024BF14C200DC8BCB /* SceneDelegate.swift in Sources */ = {isa = PBXBuildFile; fileRef = CCC1F81F24BF14C200DC8BCB /* SceneDelegate.swift */; };
		CCC1F82524BF14C200DC8BCB /* Main.storyboard in Resources */ = {isa = PBXBuildFile; fileRef = CCC1F82324BF14C200DC8BCB /* Main.storyboard */; };
		CCC1F82724BF14C300DC8BCB /* Assets.xcassets in Resources */ = {isa = PBXBuildFile; fileRef = CCC1F82624BF14C300DC8BCB /* Assets.xcassets */; };
		CCC1F82A24BF14C300DC8BCB /* LaunchScreen.storyboard in Resources */ = {isa = PBXBuildFile; fileRef = CCC1F82824BF14C300DC8BCB /* LaunchScreen.storyboard */; };
		CCC1F83224BF156E00DC8BCB /* RootPageViewController.swift in Sources */ = {isa = PBXBuildFile; fileRef = CCC1F83124BF156E00DC8BCB /* RootPageViewController.swift */; };
/* End PBXBuildFile section */

/* Begin PBXFileReference section */
		CCC1F81A24BF14C200DC8BCB /* CloneProject - 1 : Instagram.app */ = {isa = PBXFileReference; explicitFileType = wrapper.application; includeInIndex = 0; path = "CloneProject - 1 : Instagram.app"; sourceTree = BUILT_PRODUCTS_DIR; };
		CCC1F81D24BF14C200DC8BCB /* AppDelegate.swift */ = {isa = PBXFileReference; lastKnownFileType = sourcecode.swift; path = AppDelegate.swift; sourceTree = "<group>"; };
		CCC1F81F24BF14C200DC8BCB /* SceneDelegate.swift */ = {isa = PBXFileReference; lastKnownFileType = sourcecode.swift; path = SceneDelegate.swift; sourceTree = "<group>"; };
		CCC1F82424BF14C200DC8BCB /* Base */ = {isa = PBXFileReference; lastKnownFileType = file.storyboard; name = Base; path = Base.lproj/Main.storyboard; sourceTree = "<group>"; };
		CCC1F82624BF14C300DC8BCB /* Assets.xcassets */ = {isa = PBXFileReference; lastKnownFileType = folder.assetcatalog; path = Assets.xcassets; sourceTree = "<group>"; };
		CCC1F82924BF14C300DC8BCB /* Base */ = {isa = PBXFileReference; lastKnownFileType = file.storyboard; name = Base; path = Base.lproj/LaunchScreen.storyboard; sourceTree = "<group>"; };
		CCC1F82B24BF14C300DC8BCB /* Info.plist */ = {isa = PBXFileReference; lastKnownFileType = text.plist.xml; path = Info.plist; sourceTree = "<group>"; };
		CCC1F83124BF156E00DC8BCB /* RootPageViewController.swift */ = {isa = PBXFileReference; lastKnownFileType = sourcecode.swift; path = RootPageViewController.swift; sourceTree = "<group>"; };
/* End PBXFileReference section */

/* Begin PBXFrameworksBuildPhase section */
		CCC1F81724BF14C200DC8BCB /* Frameworks */ = {
			isa = PBXFrameworksBuildPhase;
			buildActionMask = 2147483647;
			files = (
			);
			runOnlyForDeploymentPostprocessing = 0;
		};
/* End PBXFrameworksBuildPhase section */

/* Begin PBXGroup section */
		CCC1F81124BF14C200DC8BCB = {
			isa = PBXGroup;
			children = (
				CCC1F83124BF156E00DC8BCB /* RootPageViewController.swift */,
				CCC1F81C24BF14C200DC8BCB /* CloneProject - 1 : Instagram */,
				CCC1F81B24BF14C200DC8BCB /* Products */,
			);
			sourceTree = "<group>";
		};
		CCC1F81B24BF14C200DC8BCB /* Products */ = {
			isa = PBXGroup;
			children = (
				CCC1F81A24BF14C200DC8BCB /* CloneProject - 1 : Instagram.app */,
			);
			name = Products;
			sourceTree = "<group>";
		};
		CCC1F81C24BF14C200DC8BCB /* CloneProject - 1 : Instagram */ = {
			isa = PBXGroup;
			children = (
				CCC1F81D24BF14C200DC8BCB /* AppDelegate.swift */,
				CCC1F81F24BF14C200DC8BCB /* SceneDelegate.swift */,
				CCC1F82324BF14C200DC8BCB /* Main.storyboard */,
				CCC1F82624BF14C300DC8BCB /* Assets.xcassets */,
				CCC1F82824BF14C300DC8BCB /* LaunchScreen.storyboard */,
				CCC1F82B24BF14C300DC8BCB /* Info.plist */,
			);
			path = "CloneProject - 1 : Instagram";
			sourceTree = "<group>";
		};
/* End PBXGroup section */

/* Begin PBXNativeTarget section */
		CCC1F81924BF14C200DC8BCB /* CloneProject - 1 : Instagram */ = {
			isa = PBXNativeTarget;
			buildConfigurationList = CCC1F82E24BF14C300DC8BCB /* Build configuration list for PBXNativeTarget "CloneProject - 1 : Instagram" */;
			buildPhases = (
				CCC1F81624BF14C200DC8BCB /* Sources */,
				CCC1F81724BF14C200DC8BCB /* Frameworks */,
				CCC1F81824BF14C200DC8BCB /* Resources */,
			);
			buildRules = (
			);
			dependencies = (
			);
			name = "CloneProject - 1 : Instagram";
			productName = "CloneProject - 1 : Instagram";
			productReference = CCC1F81A24BF14C200DC8BCB /* CloneProject - 1 : Instagram.app */;
			productType = "com.apple.product-type.application";
		};
/* End PBXNativeTarget section */

/* Begin PBXProject section */
		CCC1F81224BF14C200DC8BCB /* Project object */ = {
			isa = PBXProject;
			attributes = {
				LastSwiftUpdateCheck = 1150;
				LastUpgradeCheck = 1150;
				ORGANIZATIONNAME = "정재인";
				TargetAttributes = {
					CCC1F81924BF14C200DC8BCB = {
						CreatedOnToolsVersion = 11.5;
					};
				};
			};
			buildConfigurationList = CCC1F81524BF14C200DC8BCB /* Build configuration list for PBXProject "CloneProject - 1 : Instagram" */;
			compatibilityVersion = "Xcode 9.3";
			developmentRegion = en;
			hasScannedForEncodings = 0;
			knownRegions = (
				en,
				Base,
			);
			mainGroup = CCC1F81124BF14C200DC8BCB;
			productRefGroup = CCC1F81B24BF14C200DC8BCB /* Products */;
			projectDirPath = "";
			projectRoot = "";
			targets = (
				CCC1F81924BF14C200DC8BCB /* CloneProject - 1 : Instagram */,
			);
		};
/* End PBXProject section */

/* Begin PBXResourcesBuildPhase section */
		CCC1F81824BF14C200DC8BCB /* Resources */ = {
			isa = PBXResourcesBuildPhase;
			buildActionMask = 2147483647;
			files = (
				CCC1F82A24BF14C300DC8BCB /* LaunchScreen.storyboard in Resources */,
				CCC1F82724BF14C300DC8BCB /* Assets.xcassets in Resources */,
				CCC1F82524BF14C200DC8BCB /* Main.storyboard in Resources */,
			);
			runOnlyForDeploymentPostprocessing = 0;
		};
/* End PBXResourcesBuildPhase section */

/* Begin PBXSourcesBuildPhase section */
		CCC1F81624BF14C200DC8BCB /* Sources */ = {
			isa = PBXSourcesBuildPhase;
			buildActionMask = 2147483647;
			files = (
				CCC1F83224BF156E00DC8BCB /* RootPageViewController.swift in Sources */,
				CCC1F81E24BF14C200DC8BCB /* AppDelegate.swift in Sources */,
				CCC1F82024BF14C200DC8BCB /* SceneDelegate.swift in Sources */,
			);
			runOnlyForDeploymentPostprocessing = 0;
		};
/* End PBXSourcesBuildPhase section */

/* Begin PBXVariantGroup section */
		CCC1F82324BF14C200DC8BCB /* Main.storyboard */ = {
			isa = PBXVariantGroup;
			children = (
				CCC1F82424BF14C200DC8BCB /* Base */,
			);
			name = Main.storyboard;
			sourceTree = "<group>";
		};
		CCC1F82824BF14C300DC8BCB /* LaunchScreen.storyboard */ = {
			isa = PBXVariantGroup;
			children = (
				CCC1F82924BF14C300DC8BCB /* Base */,
			);
			name = LaunchScreen.storyboard;
			sourceTree = "<group>";
		};
/* End PBXVariantGroup section */

/* Begin XCBuildConfiguration section */
		CCC1F82C24BF14C300DC8BCB /* Debug */ = {
			isa = XCBuildConfiguration;
			buildSettings = {
				ALWAYS_SEARCH_USER_PATHS = NO;
				CLANG_ANALYZER_NONNULL = YES;
				CLANG_ANALYZER_NUMBER_OBJECT_CONVERSION = YES_AGGRESSIVE;
				CLANG_CXX_LANGUAGE_STANDARD = "gnu++14";
				CLANG_CXX_LIBRARY = "libc++";
				CLANG_ENABLE_MODULES = YES;
				CLANG_ENABLE_OBJC_ARC = YES;
				CLANG_ENABLE_OBJC_WEAK = YES;
				CLANG_WARN_BLOCK_CAPTURE_AUTORELEASING = YES;
				CLANG_WARN_BOOL_CONVERSION = YES;
				CLANG_WARN_COMMA = YES;
				CLANG_WARN_CONSTANT_CONVERSION = YES;
				CLANG_WARN_DEPRECATED_OBJC_IMPLEMENTATIONS = YES;
				CLANG_WARN_DIRECT_OBJC_ISA_USAGE = YES_ERROR;
				CLANG_WARN_DOCUMENTATION_COMMENTS = YES;
				CLANG_WARN_EMPTY_BODY = YES;
				CLANG_WARN_ENUM_CONVERSION = YES;
				CLANG_WARN_INFINITE_RECURSION = YES;
				CLANG_WARN_INT_CONVERSION = YES;
				CLANG_WARN_NON_LITERAL_NULL_CONVERSION = YES;
				CLANG_WARN_OBJC_IMPLICIT_RETAIN_SELF = YES;
				CLANG_WARN_OBJC_LITERAL_CONVERSION = YES;
				CLANG_WARN_OBJC_ROOT_CLASS = YES_ERROR;
				CLANG_WARN_RANGE_LOOP_ANALYSIS = YES;
				CLANG_WARN_STRICT_PROTOTYPES = YES;
				CLANG_WARN_SUSPICIOUS_MOVE = YES;
				CLANG_WARN_UNGUARDED_AVAILABILITY = YES_AGGRESSIVE;
				CLANG_WARN_UNREACHABLE_CODE = YES;
				CLANG_WARN__DUPLICATE_METHOD_MATCH = YES;
				COPY_PHASE_STRIP = NO;
				DEBUG_INFORMATION_FORMAT = dwarf;
				ENABLE_STRICT_OBJC_MSGSEND = YES;
				ENABLE_TESTABILITY = YES;
				GCC_C_LANGUAGE_STANDARD = gnu11;
				GCC_DYNAMIC_NO_PIC = NO;
				GCC_NO_COMMON_BLOCKS = YES;
				GCC_OPTIMIZATION_LEVEL = 0;
				GCC_PREPROCESSOR_DEFINITIONS = (
					"DEBUG=1",
					"$(inherited)",
				);
				GCC_WARN_64_TO_32_BIT_CONVERSION = YES;
				GCC_WARN_ABOUT_RETURN_TYPE = YES_ERROR;
				GCC_WARN_UNDECLARED_SELECTOR = YES;
				GCC_WARN_UNINITIALIZED_AUTOS = YES_AGGRESSIVE;
				GCC_WARN_UNUSED_FUNCTION = YES;
				GCC_WARN_UNUSED_VARIABLE = YES;
				IPHONEOS_DEPLOYMENT_TARGET = 13.5;
				MTL_ENABLE_DEBUG_INFO = INCLUDE_SOURCE;
				MTL_FAST_MATH = YES;
				ONLY_ACTIVE_ARCH = YES;
				SDKROOT = iphoneos;
				SWIFT_ACTIVE_COMPILATION_CONDITIONS = DEBUG;
				SWIFT_OPTIMIZATION_LEVEL = "-Onone";
			};
			name = Debug;
		};
		CCC1F82D24BF14C300DC8BCB /* Release */ = {
			isa = XCBuildConfiguration;
			buildSettings = {
				ALWAYS_SEARCH_USER_PATHS = NO;
				CLANG_ANALYZER_NONNULL = YES;
				CLANG_ANALYZER_NUMBER_OBJECT_CONVERSION = YES_AGGRESSIVE;
				CLANG_CXX_LANGUAGE_STANDARD = "gnu++14";
				CLANG_CXX_LIBRARY = "libc++";
				CLANG_ENABLE_MODULES = YES;
				CLANG_ENABLE_OBJC_ARC = YES;
				CLANG_ENABLE_OBJC_WEAK = YES;
				CLANG_WARN_BLOCK_CAPTURE_AUTORELEASING = YES;
				CLANG_WARN_BOOL_CONVERSION = YES;
				CLANG_WARN_COMMA = YES;
				CLANG_WARN_CONSTANT_CONVERSION = YES;
				CLANG_WARN_DEPRECATED_OBJC_IMPLEMENTATIONS = YES;
				CLANG_WARN_DIRECT_OBJC_ISA_USAGE = YES_ERROR;
				CLANG_WARN_DOCUMENTATION_COMMENTS = YES;
				CLANG_WARN_EMPTY_BODY = YES;
				CLANG_WARN_ENUM_CONVERSION = YES;
				CLANG_WARN_INFINITE_RECURSION = YES;
				CLANG_WARN_INT_CONVERSION = YES;
				CLANG_WARN_NON_LITERAL_NULL_CONVERSION = YES;
				CLANG_WARN_OBJC_IMPLICIT_RETAIN_SELF = YES;
				CLANG_WARN_OBJC_LITERAL_CONVERSION = YES;
				CLANG_WARN_OBJC_ROOT_CLASS = YES_ERROR;
				CLANG_WARN_RANGE_LOOP_ANALYSIS = YES;
				CLANG_WARN_STRICT_PROTOTYPES = YES;
				CLANG_WARN_SUSPICIOUS_MOVE = YES;
				CLANG_WARN_UNGUARDED_AVAILABILITY = YES_AGGRESSIVE;
				CLANG_WARN_UNREACHABLE_CODE = YES;
				CLANG_WARN__DUPLICATE_METHOD_MATCH = YES;
				COPY_PHASE_STRIP = NO;
				DEBUG_INFORMATION_FORMAT = "dwarf-with-dsym";
				ENABLE_NS_ASSERTIONS = NO;
				ENABLE_STRICT_OBJC_MSGSEND = YES;
				GCC_C_LANGUAGE_STANDARD = gnu11;
				GCC_NO_COMMON_BLOCKS = YES;
				GCC_WARN_64_TO_32_BIT_CONVERSION = YES;
				GCC_WARN_ABOUT_RETURN_TYPE = YES_ERROR;
				GCC_WARN_UNDECLARED_SELECTOR = YES;
				GCC_WARN_UNINITIALIZED_AUTOS = YES_AGGRESSIVE;
				GCC_WARN_UNUSED_FUNCTION = YES;
				GCC_WARN_UNUSED_VARIABLE = YES;
				IPHONEOS_DEPLOYMENT_TARGET = 13.5;
				MTL_ENABLE_DEBUG_INFO = NO;
				MTL_FAST_MATH = YES;
				SDKROOT = iphoneos;
				SWIFT_COMPILATION_MODE = wholemodule;
				SWIFT_OPTIMIZATION_LEVEL = "-O";
				VALIDATE_PRODUCT = YES;
			};
			name = Release;
		};
		CCC1F82F24BF14C300DC8BCB /* Debug */ = {
			isa = XCBuildConfiguration;
			buildSettings = {
				ASSETCATALOG_COMPILER_APPICON_NAME = AppIcon;
				CODE_SIGN_STYLE = Automatic;
				DEVELOPMENT_TEAM = DH7PS64634;
				INFOPLIST_FILE = "CloneProject - 1 : Instagram/Info.plist";
				LD_RUNPATH_SEARCH_PATHS = (
					"$(inherited)",
					"@executable_path/Frameworks",
				);
				PRODUCT_BUNDLE_IDENTIFIER = "com.CloneProject---1---Instagram";
				PRODUCT_NAME = "$(TARGET_NAME)";
				SWIFT_VERSION = 5.0;
				TARGETED_DEVICE_FAMILY = "1,2";
			};
			name = Debug;
		};
		CCC1F83024BF14C300DC8BCB /* Release */ = {
			isa = XCBuildConfiguration;
			buildSettings = {
				ASSETCATALOG_COMPILER_APPICON_NAME = AppIcon;
				CODE_SIGN_STYLE = Automatic;
				DEVELOPMENT_TEAM = DH7PS64634;
				INFOPLIST_FILE = "CloneProject - 1 : Instagram/Info.plist";
				LD_RUNPATH_SEARCH_PATHS = (
					"$(inherited)",
					"@executable_path/Frameworks",
				);
				PRODUCT_BUNDLE_IDENTIFIER = "com.CloneProject---1---Instagram";
				PRODUCT_NAME = "$(TARGET_NAME)";
				SWIFT_VERSION = 5.0;
				TARGETED_DEVICE_FAMILY = "1,2";
			};
			name = Release;
		};
/* End XCBuildConfiguration section */

/* Begin XCConfigurationList section */
		CCC1F81524BF14C200DC8BCB /* Build configuration list for PBXProject "CloneProject - 1 : Instagram" */ = {
			isa = XCConfigurationList;
			buildConfigurations = (
				CCC1F82C24BF14C300DC8BCB /* Debug */,
				CCC1F82D24BF14C300DC8BCB /* Release */,
			);
			defaultConfigurationIsVisible = 0;
			defaultConfigurationName = Release;
		};
		CCC1F82E24BF14C300DC8BCB /* Build configuration list for PBXNativeTarget "CloneProject - 1 : Instagram" */ = {
			isa = XCConfigurationList;
			buildConfigurations = (
				CCC1F82F24BF14C300DC8BCB /* Debug */,
				CCC1F83024BF14C300DC8BCB /* Release */,
			);
			defaultConfigurationIsVisible = 0;
			defaultConfigurationName = Release;
		};
/* End XCConfigurationList section */
	};
	rootObject = CCC1F81224BF14C200DC8BCB /* Project object */;
}
